
Microsoft Visual Studio Solution File, Format Version 12.00
# Visual Studio Version 16
VisualStudioVersion = 16.0.29519.181
MinimumVisualStudioVersion = 10.0.40219.1
Project("{9A19103F-16F7-4668-BE54-9A1E7A4F7556}") = "GroupMeClientApi", "GroupMeClientApi\GroupMeClientApi.csproj", "{CF98C0E1-7465-4CD4-B325-87935188011E}"
EndProject
Project("{FAE04EC0-301F-11D3-BF4B-00C04F79EFBC}") = "Sample", "Sample\Sample.csproj", "{A7641801-77C9-4848-952F-3C539E99E86E}"
EndProject
Global
	GlobalSection(SolutionConfigurationPlatforms) = preSolution
		Debug|Any CPU = Debug|Any CPU
		Release|Any CPU = Release|Any CPU
	EndGlobalSection
	GlobalSection(ProjectConfigurationPlatforms) = postSolution
		{CF98C0E1-7465-4CD4-B325-87935188011E}.Debug|Any CPU.ActiveCfg = Debug|Any CPU
		{CF98C0E1-7465-4CD4-B325-87935188011E}.Debug|Any CPU.Build.0 = Debug|Any CPU
		{CF98C0E1-7465-4CD4-B325-87935188011E}.Release|Any CPU.ActiveCfg = Release|Any CPU
		{CF98C0E1-7465-4CD4-B325-87935188011E}.Release|Any CPU.Build.0 = Release|Any CPU
		{A7641801-77C9-4848-952F-3C539E99E86E}.Debug|Any CPU.ActiveCfg = Debug|Any CPU
		{A7641801-77C9-4848-952F-3C539E99E86E}.Debug|Any CPU.Build.0 = Debug|Any CPU
		{A7641801-77C9-4848-952F-3C539E99E86E}.Release|Any CPU.ActiveCfg = Release|Any CPU
		{A7641801-77C9-4848-952F-3C539E99E86E}.Release|Any CPU.Build.0 = Release|Any CPU
	EndGlobalSection
	GlobalSection(SolutionProperties) = preSolution
		HideSolutionNode = FALSE
	EndGlobalSection
	GlobalSection(ExtensibilityGlobals) = postSolution
		SolutionGuid = {05C6E553-1CA7-4DE1-A161-BDEF0FFD9E8F}
	EndGlobalSection
EndGlobal
